
Microsoft Visual Studio Solution File, Format Version 12.00
# Visual Studio Version 16
VisualStudioVersion = 16.0.28803.452
MinimumVisualStudioVersion = 10.0.40219.1
Project("{FAE04EC0-301F-11D3-BF4B-00C04F79EFBC}") = "WebApi", "WebApi\WebApi.csproj", "{2EAC49B9-2E19-4E52-ABF0-0A28C48FDF07}"
EndProject
Project("{FAE04EC0-301F-11D3-BF4B-00C04F79EFBC}") = "PaymentTests", "PaymentTests\PaymentTests.csproj", "{5E69EEC5-FF4E-40EB-8BAE-66CD60404FDF}"
EndProject
Project("{FAE04EC0-301F-11D3-BF4B-00C04F79EFBC}") = "Model", "Model\Model.csproj", "{178CC705-60B1-4DFC-9ED9-EB5ADC170524}"
EndProject
Project("{FAE04EC0-301F-11D3-BF4B-00C04F79EFBC}") = "Clients", "Clients\Clients.csproj", "{9CEB56E1-3A2F-48EE-9487-AD7C9DC4F8EA}"
EndProject
Global
	GlobalSection(SolutionConfigurationPlatforms) = preSolution
		Debug|Any CPU = Debug|Any CPU
		Release|Any CPU = Release|Any CPU
	EndGlobalSection
	GlobalSection(ProjectConfigurationPlatforms) = postSolution
		{2EAC49B9-2E19-4E52-ABF0-0A28C48FDF07}.Debug|Any CPU.ActiveCfg = Debug|Any CPU
		{2EAC49B9-2E19-4E52-ABF0-0A28C48FDF07}.Debug|Any CPU.Build.0 = Debug|Any CPU
		{2EAC49B9-2E19-4E52-ABF0-0A28C48FDF07}.Release|Any CPU.ActiveCfg = Release|Any CPU
		{2EAC49B9-2E19-4E52-ABF0-0A28C48FDF07}.Release|Any CPU.Build.0 = Release|Any CPU
		{5E69EEC5-FF4E-40EB-8BAE-66CD60404FDF}.Debug|Any CPU.ActiveCfg = Debug|Any CPU
		{5E69EEC5-FF4E-40EB-8BAE-66CD60404FDF}.Debug|Any CPU.Build.0 = Debug|Any CPU
		{5E69EEC5-FF4E-40EB-8BAE-66CD60404FDF}.Release|Any CPU.ActiveCfg = Release|Any CPU
		{5E69EEC5-FF4E-40EB-8BAE-66CD60404FDF}.Release|Any CPU.Build.0 = Release|Any CPU
		{178CC705-60B1-4DFC-9ED9-EB5ADC170524}.Debug|Any CPU.ActiveCfg = Debug|Any CPU
		{178CC705-60B1-4DFC-9ED9-EB5ADC170524}.Debug|Any CPU.Build.0 = Debug|Any CPU
		{178CC705-60B1-4DFC-9ED9-EB5ADC170524}.Release|Any CPU.ActiveCfg = Release|Any CPU
		{178CC705-60B1-4DFC-9ED9-EB5ADC170524}.Release|Any CPU.Build.0 = Release|Any CPU
		{9CEB56E1-3A2F-48EE-9487-AD7C9DC4F8EA}.Debug|Any CPU.ActiveCfg = Debug|Any CPU
		{9CEB56E1-3A2F-48EE-9487-AD7C9DC4F8EA}.Debug|Any CPU.Build.0 = Debug|Any CPU
		{9CEB56E1-3A2F-48EE-9487-AD7C9DC4F8EA}.Release|Any CPU.ActiveCfg = Release|Any CPU
		{9CEB56E1-3A2F-48EE-9487-AD7C9DC4F8EA}.Release|Any CPU.Build.0 = Release|Any CPU
	EndGlobalSection
	GlobalSection(SolutionProperties) = preSolution
		HideSolutionNode = FALSE
	EndGlobalSection
	GlobalSection(ExtensibilityGlobals) = postSolution
		SolutionGuid = {5155D8FB-EF3E-4131-9FA1-8E635511A557}
	EndGlobalSection
EndGlobal
